
Microsoft Visual Studio Solution File, Format Version 12.00
# Visual Studio 14
VisualStudioVersion = 14.0.25420.1
MinimumVisualStudioVersion = 10.0.40219.1
Project("{FAE04EC0-301F-11D3-BF4B-00C04F79EFBC}") = "SqlSugarDemo.WinForm1", "SqlSugarDemo.WinForm1\SqlSugarDemo.WinForm1.csproj", "{BA6861A4-58FE-4D2F-907B-B376F4D3586B}"
EndProject
Project("{2150E333-8FDC-42A3-9474-1A3956D46DE8}") = "00 Lib", "00 Lib", "{898434B9-D275-48E2-AFE1-DB1D9DE759F7}"
EndProject
Project("{2150E333-8FDC-42A3-9474-1A3956D46DE8}") = "01 Project", "01 Project", "{A8666E6F-2DFB-4B61-9234-9AFD3DC2D6FA}"
EndProject
Project("{2150E333-8FDC-42A3-9474-1A3956D46DE8}") = "02 Test", "02 Test", "{E578B8CB-3046-479D-91F2-D6DCBB34E6D3}"
EndProject
Project("{2150E333-8FDC-42A3-9474-1A3956D46DE8}") = "00 Common", "00 Common", "{4E8BA334-A8F0-4650-B406-8748436FFA49}"
EndProject
Project("{2150E333-8FDC-42A3-9474-1A3956D46DE8}") = "01 Db", "01 Db", "{7AE4CEF1-170D-4878-B94F-13E7A9C2F76D}"
EndProject
Project("{FAE04EC0-301F-11D3-BF4B-00C04F79EFBC}") = "Common", "Common\Common.csproj", "{21AEECDB-3F06-4E66-9322-AC796148A0D2}"
EndProject
Project("{FAE04EC0-301F-11D3-BF4B-00C04F79EFBC}") = "SqlSugarDemo.Entity", "SqlSugarDemo.Entity\SqlSugarDemo.Entity.csproj", "{7519CFEE-B41A-4FC3-9D8F-5FAAD61B88BC}"
EndProject
Project("{FAE04EC0-301F-11D3-BF4B-00C04F79EFBC}") = "SqlSugarDemo.DAL", "SqlSugarDemo.DAL\SqlSugarDemo.DAL.csproj", "{C5977078-A10D-4E5C-8011-2D7765D60424}"
EndProject
Project("{2150E333-8FDC-42A3-9474-1A3956D46DE8}") = "00 Def", "00 Def", "{2CCE0BDB-954E-4A7B-BE0F-32F1A70B3944}"
EndProject
Project("{2150E333-8FDC-42A3-9474-1A3956D46DE8}") = "01 Repository", "01 Repository", "{0F38F4DE-701D-47F6-B1C6-DCA462FF0E6D}"
EndProject
Project("{FAE04EC0-301F-11D3-BF4B-00C04F79EFBC}") = "SqlSugarDemo.IRepository", "SqlSugarDemo.IRepository\SqlSugarDemo.IRepository.csproj", "{4401C877-54F6-4289-A31C-0F26D3DE2E1D}"
EndProject
Project("{FAE04EC0-301F-11D3-BF4B-00C04F79EFBC}") = "SqlSugarDemo.Repository", "SqlSugarDemo.Repository\SqlSugarDemo.Repository.csproj", "{D24496B9-441D-408D-80B3-FEBCEF638F18}"
EndProject
Project("{2150E333-8FDC-42A3-9474-1A3956D46DE8}") = "02 Service", "02 Service", "{AB61B7AD-ED6E-41B8-BECA-A7CD2902BDB6}"
EndProject
Project("{FAE04EC0-301F-11D3-BF4B-00C04F79EFBC}") = "SqlSugarDemo.IService", "SqlSugarDemo.IService\SqlSugarDemo.IService.csproj", "{F506F9A3-B252-4D93-8BA1-80DAF8E2FABB}"
EndProject
Project("{FAE04EC0-301F-11D3-BF4B-00C04F79EFBC}") = "SqlSugarDemo.Service", "SqlSugarDemo.Service\SqlSugarDemo.Service.csproj", "{1CCCBC48-A6F6-483C-8960-4D73AE538DC1}"
EndProject
Global
	GlobalSection(SolutionConfigurationPlatforms) = preSolution
		Debug|Any CPU = Debug|Any CPU
		Release|Any CPU = Release|Any CPU
	EndGlobalSection
	GlobalSection(ProjectConfigurationPlatforms) = postSolution
		{BA6861A4-58FE-4D2F-907B-B376F4D3586B}.Debug|Any CPU.ActiveCfg = Debug|Any CPU
		{BA6861A4-58FE-4D2F-907B-B376F4D3586B}.Debug|Any CPU.Build.0 = Debug|Any CPU
		{BA6861A4-58FE-4D2F-907B-B376F4D3586B}.Release|Any CPU.ActiveCfg = Release|Any CPU
		{BA6861A4-58FE-4D2F-907B-B376F4D3586B}.Release|Any CPU.Build.0 = Release|Any CPU
		{21AEECDB-3F06-4E66-9322-AC796148A0D2}.Debug|Any CPU.ActiveCfg = Debug|Any CPU
		{21AEECDB-3F06-4E66-9322-AC796148A0D2}.Debug|Any CPU.Build.0 = Debug|Any CPU
		{21AEECDB-3F06-4E66-9322-AC796148A0D2}.Release|Any CPU.ActiveCfg = Release|Any CPU
		{21AEECDB-3F06-4E66-9322-AC796148A0D2}.Release|Any CPU.Build.0 = Release|Any CPU
		{7519CFEE-B41A-4FC3-9D8F-5FAAD61B88BC}.Debug|Any CPU.ActiveCfg = Debug|Any CPU
		{7519CFEE-B41A-4FC3-9D8F-5FAAD61B88BC}.Debug|Any CPU.Build.0 = Debug|Any CPU
		{7519CFEE-B41A-4FC3-9D8F-5FAAD61B88BC}.Release|Any CPU.ActiveCfg = Release|Any CPU
		{7519CFEE-B41A-4FC3-9D8F-5FAAD61B88BC}.Release|Any CPU.Build.0 = Release|Any CPU
		{C5977078-A10D-4E5C-8011-2D7765D60424}.Debug|Any CPU.ActiveCfg = Debug|Any CPU
		{C5977078-A10D-4E5C-8011-2D7765D60424}.Debug|Any CPU.Build.0 = Debug|Any CPU
		{C5977078-A10D-4E5C-8011-2D7765D60424}.Release|Any CPU.ActiveCfg = Release|Any CPU
		{C5977078-A10D-4E5C-8011-2D7765D60424}.Release|Any CPU.Build.0 = Release|Any CPU
		{4401C877-54F6-4289-A31C-0F26D3DE2E1D}.Debug|Any CPU.ActiveCfg = Debug|Any CPU
		{4401C877-54F6-4289-A31C-0F26D3DE2E1D}.Debug|Any CPU.Build.0 = Debug|Any CPU
		{4401C877-54F6-4289-A31C-0F26D3DE2E1D}.Release|Any CPU.ActiveCfg = Release|Any CPU
		{4401C877-54F6-4289-A31C-0F26D3DE2E1D}.Release|Any CPU.Build.0 = Release|Any CPU
		{D24496B9-441D-408D-80B3-FEBCEF638F18}.Debug|Any CPU.ActiveCfg = Debug|Any CPU
		{D24496B9-441D-408D-80B3-FEBCEF638F18}.Debug|Any CPU.Build.0 = Debug|Any CPU
		{D24496B9-441D-408D-80B3-FEBCEF638F18}.Release|Any CPU.ActiveCfg = Release|Any CPU
		{D24496B9-441D-408D-80B3-FEBCEF638F18}.Release|Any CPU.Build.0 = Release|Any CPU
		{F506F9A3-B252-4D93-8BA1-80DAF8E2FABB}.Debug|Any CPU.ActiveCfg = Debug|Any CPU
		{F506F9A3-B252-4D93-8BA1-80DAF8E2FABB}.Debug|Any CPU.Build.0 = Debug|Any CPU
		{F506F9A3-B252-4D93-8BA1-80DAF8E2FABB}.Release|Any CPU.ActiveCfg = Release|Any CPU
		{F506F9A3-B252-4D93-8BA1-80DAF8E2FABB}.Release|Any CPU.Build.0 = Release|Any CPU
		{1CCCBC48-A6F6-483C-8960-4D73AE538DC1}.Debug|Any CPU.ActiveCfg = Debug|Any CPU
		{1CCCBC48-A6F6-483C-8960-4D73AE538DC1}.Debug|Any CPU.Build.0 = Debug|Any CPU
		{1CCCBC48-A6F6-483C-8960-4D73AE538DC1}.Release|Any CPU.ActiveCfg = Release|Any CPU
		{1CCCBC48-A6F6-483C-8960-4D73AE538DC1}.Release|Any CPU.Build.0 = Release|Any CPU
	EndGlobalSection
	GlobalSection(SolutionProperties) = preSolution
		HideSolutionNode = FALSE
	EndGlobalSection
	GlobalSection(NestedProjects) = preSolution
		{BA6861A4-58FE-4D2F-907B-B376F4D3586B} = {A8666E6F-2DFB-4B61-9234-9AFD3DC2D6FA}
		{4E8BA334-A8F0-4650-B406-8748436FFA49} = {898434B9-D275-48E2-AFE1-DB1D9DE759F7}
		{7AE4CEF1-170D-4878-B94F-13E7A9C2F76D} = {898434B9-D275-48E2-AFE1-DB1D9DE759F7}
		{21AEECDB-3F06-4E66-9322-AC796148A0D2} = {4E8BA334-A8F0-4650-B406-8748436FFA49}
		{7519CFEE-B41A-4FC3-9D8F-5FAAD61B88BC} = {2CCE0BDB-954E-4A7B-BE0F-32F1A70B3944}
		{C5977078-A10D-4E5C-8011-2D7765D60424} = {7AE4CEF1-170D-4878-B94F-13E7A9C2F76D}
		{2CCE0BDB-954E-4A7B-BE0F-32F1A70B3944} = {7AE4CEF1-170D-4878-B94F-13E7A9C2F76D}
		{0F38F4DE-701D-47F6-B1C6-DCA462FF0E6D} = {7AE4CEF1-170D-4878-B94F-13E7A9C2F76D}
		{4401C877-54F6-4289-A31C-0F26D3DE2E1D} = {0F38F4DE-701D-47F6-B1C6-DCA462FF0E6D}
		{D24496B9-441D-408D-80B3-FEBCEF638F18} = {0F38F4DE-701D-47F6-B1C6-DCA462FF0E6D}
		{AB61B7AD-ED6E-41B8-BECA-A7CD2902BDB6} = {898434B9-D275-48E2-AFE1-DB1D9DE759F7}
		{F506F9A3-B252-4D93-8BA1-80DAF8E2FABB} = {AB61B7AD-ED6E-41B8-BECA-A7CD2902BDB6}
		{1CCCBC48-A6F6-483C-8960-4D73AE538DC1} = {AB61B7AD-ED6E-41B8-BECA-A7CD2902BDB6}
	EndGlobalSection
EndGlobal
